
Microsoft Visual Studio Solution File, Format Version 12.00
# Visual Studio Version 16
VisualStudioVersion = 16.0.30309.148
MinimumVisualStudioVersion = 10.0.40219.1
Project("{FAE04EC0-301F-11D3-BF4B-00C04F79EFBC}") = "TSW2LM", "TSW2LM.csproj", "{5C950AC4-D4B8-4C1C-AC59-DA1507501F5F}"
EndProject
Global
	GlobalSection(SolutionConfigurationPlatforms) = preSolution
		Debug|Any CPU = Debug|Any CPU
		Release|Any CPU = Release|Any CPU
	EndGlobalSection
	GlobalSection(ProjectConfigurationPlatforms) = postSolution
		{5C950AC4-D4B8-4C1C-AC59-DA1507501F5F}.Debug|Any CPU.ActiveCfg = Debug|Any CPU
		{5C950AC4-D4B8-4C1C-AC59-DA1507501F5F}.Debug|Any CPU.Build.0 = Debug|Any CPU
		{5C950AC4-D4B8-4C1C-AC59-DA1507501F5F}.Release|Any CPU.ActiveCfg = Release|Any CPU
		{5C950AC4-D4B8-4C1C-AC59-DA1507501F5F}.Release|Any CPU.Build.0 = Release|Any CPU
	EndGlobalSection
	GlobalSection(SolutionProperties) = preSolution
		HideSolutionNode = FALSE
	EndGlobalSection
	GlobalSection(ExtensibilityGlobals) = postSolution
		SolutionGuid = {3FED52CB-7A00-405C-9431-E34E7D0D9F93}
	EndGlobalSection
EndGlobal
